{
  "name": "anno",
  "version": "1.0.0",
  "lockfileVersion": 3,
  "requires": true,
  "packages": {
    "": {
      "name": "anno",
      "version": "1.0.0",
      "workspaces": [
        "packages/annopatch",
        "packages/chrome-extension",
        "packages/react-safe-translation",
        "packages/scrapbox-loader",
        "packages/text-quote-injection"
      ],
      "devDependencies": {
        "esbuild": "^0.19.5",
        "text-quote-selector": "^1.1.2",
        "typescript": "^5.1.6"
      }
    },
    "node_modules/@esbuild/linux-x64": {
      "version": "0.19.12",
      "cpu": [
        "x64"
      ],
      "dev": true,
      "license": "MIT",
      "optional": true,
      "os": [
        "linux"
      ],
      "engines": {
        "node": ">=12"
      }
    },
    "node_modules/@types/chrome": {
      "version": "0.0.174",
      "dev": true,
      "license": "MIT",
      "dependencies": {
        "@types/filesystem": "*",
        "@types/har-format": "*"
      }
    },
    "node_modules/@types/diff": {
      "version": "5.0.9",
      "license": "MIT"
    },
    "node_modules/@types/filesystem": {
      "version": "0.0.35",
      "dev": true,
      "license": "MIT",
      "dependencies": {
        "@types/filewriter": "*"
      }
    },
    "node_modules/@types/filewriter": {
      "version": "0.0.33",
      "dev": true,
      "license": "MIT"
    },
    "node_modules/@types/har-format": {
      "version": "1.2.15",
      "dev": true,
      "license": "MIT"
    },
    "node_modules/@types/node": {
      "version": "20.11.18",
      "dev": true,
      "license": "MIT",
      "dependencies": {
        "undici-types": "~5.26.4"
      }
    },
    "node_modules/@types/prop-types": {
      "version": "15.7.11",
      "dev": true,
      "license": "MIT"
    },
    "node_modules/@types/react": {
      "version": "18.2.55",
      "dev": true,
      "license": "MIT",
      "dependencies": {
        "@types/prop-types": "*",
        "@types/scheduler": "*",
        "csstype": "^3.0.2"
      }
    },
    "node_modules/@types/react-dom": {
      "version": "18.2.19",
      "dev": true,
      "license": "MIT",
      "dependencies": {
        "@types/react": "*"
      }
    },
    "node_modules/@types/scheduler": {
      "version": "0.16.8",
      "dev": true,
      "license": "MIT"
    },
    "node_modules/annopatch": {
      "resolved": "packages/annopatch",
      "link": true
    },
    "node_modules/chrome-extension": {
      "resolved": "packages/chrome-extension",
      "link": true
    },
    "node_modules/clsx": {
      "version": "2.1.1",
      "resolved": "https://registry.npmjs.org/clsx/-/clsx-2.1.1.tgz",
      "integrity": "sha512-eYm0QWBtUrBWZWG0d386OGAw16Z995PiOVo2B7bjWSbHedGl5e0ZWaq65kOGgUSNesEIDkB9ISbTg/JK9dhCZA==",
      "dev": true,
      "engines": {
        "node": ">=6"
      }
    },
    "node_modules/csstype": {
      "version": "3.1.3",
      "dev": true,
      "license": "MIT"
    },
    "node_modules/diff": {
      "version": "5.2.0",
      "license": "BSD-3-Clause",
      "engines": {
        "node": ">=0.3.1"
      }
    },
    "node_modules/esbuild": {
      "version": "0.19.12",
      "dev": true,
      "hasInstallScript": true,
      "license": "MIT",
      "bin": {
        "esbuild": "bin/esbuild"
      },
      "engines": {
        "node": ">=12"
      },
      "optionalDependencies": {
        "@esbuild/aix-ppc64": "0.19.12",
        "@esbuild/android-arm": "0.19.12",
        "@esbuild/android-arm64": "0.19.12",
        "@esbuild/android-x64": "0.19.12",
        "@esbuild/darwin-arm64": "0.19.12",
        "@esbuild/darwin-x64": "0.19.12",
        "@esbuild/freebsd-arm64": "0.19.12",
        "@esbuild/freebsd-x64": "0.19.12",
        "@esbuild/linux-arm": "0.19.12",
        "@esbuild/linux-arm64": "0.19.12",
        "@esbuild/linux-ia32": "0.19.12",
        "@esbuild/linux-loong64": "0.19.12",
        "@esbuild/linux-mips64el": "0.19.12",
        "@esbuild/linux-ppc64": "0.19.12",
        "@esbuild/linux-riscv64": "0.19.12",
        "@esbuild/linux-s390x": "0.19.12",
        "@esbuild/linux-x64": "0.19.12",
        "@esbuild/netbsd-x64": "0.19.12",
        "@esbuild/openbsd-x64": "0.19.12",
        "@esbuild/sunos-x64": "0.19.12",
        "@esbuild/win32-arm64": "0.19.12",
        "@esbuild/win32-ia32": "0.19.12",
        "@esbuild/win32-x64": "0.19.12"
      }
    },
    "node_modules/eventemitter3": {
      "version": "5.0.1",
      "dev": true,
      "license": "MIT"
    },
    "node_modules/js-tokens": {
      "version": "4.0.0",
      "license": "MIT"
    },
    "node_modules/leven": {
      "version": "4.0.0",
      "dev": true,
      "license": "MIT",
      "engines": {
        "node": "^12.20.0 || ^14.13.1 || >=16.0.0"
      },
      "funding": {
        "url": "https://github.com/sponsors/sindresorhus"
      }
    },
    "node_modules/loose-envify": {
      "version": "1.4.0",
      "license": "MIT",
      "dependencies": {
        "js-tokens": "^3.0.0 || ^4.0.0"
      },
      "bin": {
        "loose-envify": "cli.js"
      }
    },
    "node_modules/p-queue": {
      "version": "7.4.1",
      "dev": true,
      "license": "MIT",
      "dependencies": {
        "eventemitter3": "^5.0.1",
        "p-timeout": "^5.0.2"
      },
      "engines": {
        "node": ">=12"
      },
      "funding": {
        "url": "https://github.com/sponsors/sindresorhus"
      }
    },
    "node_modules/p-timeout": {
      "version": "5.1.0",
      "dev": true,
      "license": "MIT",
      "engines": {
        "node": ">=12"
      },
      "funding": {
        "url": "https://github.com/sponsors/sindresorhus"
      }
    },
    "node_modules/react": {
      "version": "18.3.1",
      "resolved": "https://registry.npmjs.org/react/-/react-18.3.1.tgz",
      "integrity": "sha512-wS+hAgJShR0KhEvPJArfuPVN1+Hz1t0Y6n5jLrGQbkb4urgPE/0Rve+1kMB1v/oWgHgm4WIcV+i7F2pTVj+2iQ==",
      "dependencies": {
        "loose-envify": "^1.1.0"
      },
      "engines": {
        "node": ">=0.10.0"
      }
    },
    "node_modules/react-controlled-translation": {
      "version": "1.0.2",
      "resolved": "https://registry.npmjs.org/react-controlled-translation/-/react-controlled-translation-1.0.2.tgz",
      "integrity": "sha512-5iMAskEz/Ts7v1BOfiEPwe4+lKYgQ0myR79Mm2plkyPDm4C5ae3N4lVVyYceL2I1W+0AxZwsiOhKQMthTRaX2A==",
      "dev": true,
      "peerDependencies": {
        "react": "^18.3.1"
      }
    },
    "node_modules/react-dom": {
      "version": "18.2.0",
      "dev": true,
      "license": "MIT",
      "dependencies": {
        "loose-envify": "^1.1.0",
        "scheduler": "^0.23.0"
      },
      "peerDependencies": {
        "react": "^18.2.0"
      }
    },
    "node_modules/react-safe-translation": {
      "resolved": "packages/react-safe-translation",
      "link": true
    },
    "node_modules/scheduler": {
      "version": "0.23.0",
      "dev": true,
      "license": "MIT",
      "dependencies": {
        "loose-envify": "^1.1.0"
      }
    },
    "node_modules/scrapbox-loader": {
      "resolved": "packages/scrapbox-loader",
      "link": true
    },
    "node_modules/text-quote-injection": {
      "resolved": "packages/text-quote-injection",
      "link": true
    },
    "node_modules/text-quote-selector": {
      "version": "1.1.2",
      "dev": true,
      "license": "CC0-1.0",
      "dependencies": {
        "leven": "^4.0.0"
      }
    },
    "node_modules/typescript": {
      "version": "5.3.3",
      "dev": true,
      "license": "Apache-2.0",
      "bin": {
        "tsc": "bin/tsc",
        "tsserver": "bin/tsserver"
      },
      "engines": {
        "node": ">=14.17"
      }
    },
    "node_modules/undici-types": {
      "version": "5.26.5",
      "dev": true,
      "license": "MIT"
    },
    "packages/annopatch": {
      "version": "1.0.0"
    },
    "packages/annopatch-server": {
      "version": "1.0.0",
      "extraneous": true,
      "devDependencies": {
        "@google-cloud/functions-framework": "^3.3.0"
      }
    },
    "packages/chrome-extension": {
      "version": "1.0.0",
      "devDependencies": {
        "@types/chrome": "^0.0.174",
        "@types/node": "^20.8.9",
        "@types/react": "^18.2.25",
        "@types/react-dom": "^18.2.11",
        "clsx": "^2.1.1",
        "p-queue": "^7.3.4",
        "react": "^18.2.0",
        "react-controlled-translation": "^1.0.2",
        "react-dom": "^18.2.0"
      }
    },
    "packages/react-safe-translation": {
      "version": "1.0.0",
      "peerDependencies": {
        "react": "^18.3.1"
      }
    },
    "packages/scrapbox-loader": {
      "version": "1.0.0",
      "dependencies": {
        "@types/diff": "^5.0.9",
        "diff": "^5.2.0"
      }
    },
    "packages/text-quote-injection": {
      "version": "1.0.0"
    }
  }
}
